
Microsoft Visual Studio Solution File, Format Version 12.00
# Visual Studio Version 18
VisualStudioVersion = 18.6.11822.322 stable
MinimumVisualStudioVersion = 10.0.40219.1
Project("{FAE04EC0-301F-11D3-BF4B-00C04F79EFBC}") = "AfterSort", "AfterSort\AfterSort.csproj", "{5C98DF89-D7FE-EA89-D09B-F459BF084DF1}"
EndProject
Global
	GlobalSection(SolutionConfigurationPlatforms) = preSolution
		Debug|Any CPU = Debug|Any CPU
		Release|Any CPU = Release|Any CPU
	EndGlobalSection
	GlobalSection(ProjectConfigurationPlatforms) = postSolution
		{5C98DF89-D7FE-EA89-D09B-F459BF084DF1}.Debug|Any CPU.ActiveCfg = Debug|Any CPU
		{5C98DF89-D7FE-EA89-D09B-F459BF084DF1}.Debug|Any CPU.Build.0 = Debug|Any CPU
		{5C98DF89-D7FE-EA89-D09B-F459BF084DF1}.Release|Any CPU.ActiveCfg = Release|Any CPU
		{5C98DF89-D7FE-EA89-D09B-F459BF084DF1}.Release|Any CPU.Build.0 = Release|Any CPU
	EndGlobalSection
	GlobalSection(SolutionProperties) = preSolution
		HideSolutionNode = FALSE
	EndGlobalSection
	GlobalSection(ExtensibilityGlobals) = postSolution
		SolutionGuid = {C846CCC4-EC6E-4FEB-9E74-ADAADF56BE1A}
	EndGlobalSection
EndGlobal
